
Microsoft Visual Studio Solution File, Format Version 12.00
Project("{FAE04EC0-301F-11D3-BF4B-00C04F79EFBC}") = "RestaurantReservation", "RestaurantReservation\RestaurantReservation.csproj", "{A3456B09-1764-435F-BD1A-FF7E86D59029}"
EndProject
Project("{FAE04EC0-301F-11D3-BF4B-00C04F79EFBC}") = "RestaurantReservation.Db", "RestaurantReservation.Db\RestaurantReservation.Db.csproj", "{94FADFB9-62CE-412C-A842-D22F51D7CE05}"
EndProject
Global
	GlobalSection(SolutionConfigurationPlatforms) = preSolution
		Debug|Any CPU = Debug|Any CPU
		Release|Any CPU = Release|Any CPU
	EndGlobalSection
	GlobalSection(ProjectConfigurationPlatforms) = postSolution
		{A3456B09-1764-435F-BD1A-FF7E86D59029}.Debug|Any CPU.ActiveCfg = Debug|Any CPU
		{A3456B09-1764-435F-BD1A-FF7E86D59029}.Debug|Any CPU.Build.0 = Debug|Any CPU
		{A3456B09-1764-435F-BD1A-FF7E86D59029}.Release|Any CPU.ActiveCfg = Release|Any CPU
		{A3456B09-1764-435F-BD1A-FF7E86D59029}.Release|Any CPU.Build.0 = Release|Any CPU
		{94FADFB9-62CE-412C-A842-D22F51D7CE05}.Debug|Any CPU.ActiveCfg = Debug|Any CPU
		{94FADFB9-62CE-412C-A842-D22F51D7CE05}.Debug|Any CPU.Build.0 = Debug|Any CPU
		{94FADFB9-62CE-412C-A842-D22F51D7CE05}.Release|Any CPU.ActiveCfg = Release|Any CPU
		{94FADFB9-62CE-412C-A842-D22F51D7CE05}.Release|Any CPU.Build.0 = Release|Any CPU
	EndGlobalSection
EndGlobal
